Microsoft Visual Studio Solution File, Format Version 12.00
# Visual Studio Version 17
VisualStudioVersion = 17.5.2.0
MinimumVisualStudioVersion = 10.0.40219.1
Project("{FAE04EC0-301F-11D3-BF4B-00C04F79EFBC}") = "LocalMind.Tools", "LocalMind.Tools.csproj", "{7238D5C2-73D4-041A-44EE-FA5DBBD2DEC2}"
EndProject
Global
	GlobalSection(SolutionConfigurationPlatforms) = preSolution
		Debug|Any CPU = Debug|Any CPU
		Release|Any CPU = Release|Any CPU
	EndGlobalSection
	GlobalSection(ProjectConfigurationPlatforms) = postSolution
		{7238D5C2-73D4-041A-44EE-FA5DBBD2DEC2}.Debug|Any CPU.ActiveCfg = Debug|Any CPU
		{7238D5C2-73D4-041A-44EE-FA5DBBD2DEC2}.Debug|Any CPU.Build.0 = Debug|Any CPU
		{7238D5C2-73D4-041A-44EE-FA5DBBD2DEC2}.Release|Any CPU.ActiveCfg = Release|Any CPU
		{7238D5C2-73D4-041A-44EE-FA5DBBD2DEC2}.Release|Any CPU.Build.0 = Release|Any CPU
	EndGlobalSection
	GlobalSection(SolutionProperties) = preSolution
		HideSolutionNode = FALSE
	EndGlobalSection
	GlobalSection(ExtensibilityGlobals) = postSolution
		SolutionGuid = {A59AAF7F-DBB2-46CE-AFB7-6893B15F81D0}
	EndGlobalSection
EndGlobal
